
Microsoft Visual Studio Solution File, Format Version 12.00
# Visual Studio 15
VisualStudioVersion = 15.0.27004.2002
MinimumVisualStudioVersion = 10.0.40219.1
Project("{FAE04EC0-301F-11D3-BF4B-00C04F79EFBC}") = "iJetSolutions.SerasaDemo.Forms", "iJetSolutions.SerasaDemo.Forms\iJetSolutions.SerasaDemo.Forms.csproj", "{E525A933-FCB1-42A0-A2F2-B2A82D914A9E}"
EndProject
Global
	GlobalSection(SolutionConfigurationPlatforms) = preSolution
		Debug|Any CPU = Debug|Any CPU
		Release|Any CPU = Release|Any CPU
	EndGlobalSection
	GlobalSection(ProjectConfigurationPlatforms) = postSolution
		{E525A933-FCB1-42A0-A2F2-B2A82D914A9E}.Debug|Any CPU.ActiveCfg = Debug|Any CPU
		{E525A933-FCB1-42A0-A2F2-B2A82D914A9E}.Debug|Any CPU.Build.0 = Debug|Any CPU
		{E525A933-FCB1-42A0-A2F2-B2A82D914A9E}.Release|Any CPU.ActiveCfg = Release|Any CPU
		{E525A933-FCB1-42A0-A2F2-B2A82D914A9E}.Release|Any CPU.Build.0 = Release|Any CPU
	EndGlobalSection
	GlobalSection(SolutionProperties) = preSolution
		HideSolutionNode = FALSE
	EndGlobalSection
	GlobalSection(ExtensibilityGlobals) = postSolution
		SolutionGuid = {154063FE-13A2-4AC2-BE7C-1B70D84A098E}
	EndGlobalSection
EndGlobal
